
Microsoft Visual Studio Solution File, Format Version 12.00
# Visual Studio Version 16
VisualStudioVersion = 16.0.31729.503
MinimumVisualStudioVersion = 10.0.40219.1
Project("{9A19103F-16F7-4668-BE54-9A1E7A4F7556}") = "Biblioteca.Entidades", "Biblioteca.Entidades\Biblioteca.Entidades.csproj", "{785ED6A7-77D7-4546-99A8-F93C6FFECED1}"
EndProject
Project("{9A19103F-16F7-4668-BE54-9A1E7A4F7556}") = "Biblioteca.Datos", "Biblioteca.Datos\Biblioteca.Datos.csproj", "{E3BA4F20-7854-454B-8017-768F44F567A8}"
EndProject
Project("{9A19103F-16F7-4668-BE54-9A1E7A4F7556}") = "Biblioteca.Negocio", "Biblioteca.Negocio\Biblioteca.Negocio.csproj", "{4E7C1FE4-B2D4-4052-8728-DA28BBDF2318}"
EndProject
Project("{FAE04EC0-301F-11D3-BF4B-00C04F79EFBC}") = "Biblioteca.Presentacion", "Biblioteca.Presentacion\Biblioteca.Presentacion.csproj", "{4EFDE825-CE90-4787-99C4-BA489F54F1C8}"
EndProject
Global
	GlobalSection(SolutionConfigurationPlatforms) = preSolution
		Debug|Any CPU = Debug|Any CPU
		Release|Any CPU = Release|Any CPU
	EndGlobalSection
	GlobalSection(ProjectConfigurationPlatforms) = postSolution
		{785ED6A7-77D7-4546-99A8-F93C6FFECED1}.Debug|Any CPU.ActiveCfg = Debug|Any CPU
		{785ED6A7-77D7-4546-99A8-F93C6FFECED1}.Debug|Any CPU.Build.0 = Debug|Any CPU
		{785ED6A7-77D7-4546-99A8-F93C6FFECED1}.Release|Any CPU.ActiveCfg = Release|Any CPU
		{785ED6A7-77D7-4546-99A8-F93C6FFECED1}.Release|Any CPU.Build.0 = Release|Any CPU
		{E3BA4F20-7854-454B-8017-768F44F567A8}.Debug|Any CPU.ActiveCfg = Debug|Any CPU
		{E3BA4F20-7854-454B-8017-768F44F567A8}.Debug|Any CPU.Build.0 = Debug|Any CPU
		{E3BA4F20-7854-454B-8017-768F44F567A8}.Release|Any CPU.ActiveCfg = Release|Any CPU
		{E3BA4F20-7854-454B-8017-768F44F567A8}.Release|Any CPU.Build.0 = Release|Any CPU
		{4E7C1FE4-B2D4-4052-8728-DA28BBDF2318}.Debug|Any CPU.ActiveCfg = Debug|Any CPU
		{4E7C1FE4-B2D4-4052-8728-DA28BBDF2318}.Debug|Any CPU.Build.0 = Debug|Any CPU
		{4E7C1FE4-B2D4-4052-8728-DA28BBDF2318}.Release|Any CPU.ActiveCfg = Release|Any CPU
		{4E7C1FE4-B2D4-4052-8728-DA28BBDF2318}.Release|Any CPU.Build.0 = Release|Any CPU
		{4EFDE825-CE90-4787-99C4-BA489F54F1C8}.Debug|Any CPU.ActiveCfg = Debug|Any CPU
		{4EFDE825-CE90-4787-99C4-BA489F54F1C8}.Debug|Any CPU.Build.0 = Debug|Any CPU
		{4EFDE825-CE90-4787-99C4-BA489F54F1C8}.Release|Any CPU.ActiveCfg = Release|Any CPU
		{4EFDE825-CE90-4787-99C4-BA489F54F1C8}.Release|Any CPU.Build.0 = Release|Any CPU
	EndGlobalSection
	GlobalSection(SolutionProperties) = preSolution
		HideSolutionNode = FALSE
	EndGlobalSection
	GlobalSection(ExtensibilityGlobals) = postSolution
		SolutionGuid = {D269E014-E838-4091-8851-B8E28EE8C31F}
	EndGlobalSection
EndGlobal
